
Microsoft Visual Studio Solution File, Format Version 12.00
# Visual Studio Version 16
VisualStudioVersion = 16.0.29102.190
MinimumVisualStudioVersion = 10.0.40219.1
Project("{FAE04EC0-301F-11D3-BF4B-00C04F79EFBC}") = "OccBooking.Web", "OccBooking.Web\OccBooking.Web.csproj", "{E71FE6F0-1532-4009-BE0F-BABA861655D8}"
EndProject
Project("{FAE04EC0-301F-11D3-BF4B-00C04F79EFBC}") = "OccBooking.Domain", "OccBooking.Domain\OccBooking.Domain.csproj", "{D08181C0-A240-45BA-BC10-7EA6EF08BB92}"
EndProject
Project("{FAE04EC0-301F-11D3-BF4B-00C04F79EFBC}") = "OccBooking.Domain.Tests", "OccBooking.Domain.Tests\OccBooking.Domain.Tests.csproj", "{430D252F-2726-41CD-A2BE-F9336EFD3272}"
EndProject
Global
	GlobalSection(SolutionConfigurationPlatforms) = preSolution
		Debug|Any CPU = Debug|Any CPU
		Release|Any CPU = Release|Any CPU
	EndGlobalSection
	GlobalSection(ProjectConfigurationPlatforms) = postSolution
		{E71FE6F0-1532-4009-BE0F-BABA861655D8}.Debug|Any CPU.ActiveCfg = Debug|Any CPU
		{E71FE6F0-1532-4009-BE0F-BABA861655D8}.Debug|Any CPU.Build.0 = Debug|Any CPU
		{E71FE6F0-1532-4009-BE0F-BABA861655D8}.Release|Any CPU.ActiveCfg = Release|Any CPU
		{E71FE6F0-1532-4009-BE0F-BABA861655D8}.Release|Any CPU.Build.0 = Release|Any CPU
		{D08181C0-A240-45BA-BC10-7EA6EF08BB92}.Debug|Any CPU.ActiveCfg = Debug|Any CPU
		{D08181C0-A240-45BA-BC10-7EA6EF08BB92}.Debug|Any CPU.Build.0 = Debug|Any CPU
		{D08181C0-A240-45BA-BC10-7EA6EF08BB92}.Release|Any CPU.ActiveCfg = Release|Any CPU
		{D08181C0-A240-45BA-BC10-7EA6EF08BB92}.Release|Any CPU.Build.0 = Release|Any CPU
		{430D252F-2726-41CD-A2BE-F9336EFD3272}.Debug|Any CPU.ActiveCfg = Debug|Any CPU
		{430D252F-2726-41CD-A2BE-F9336EFD3272}.Debug|Any CPU.Build.0 = Debug|Any CPU
		{430D252F-2726-41CD-A2BE-F9336EFD3272}.Release|Any CPU.ActiveCfg = Release|Any CPU
		{430D252F-2726-41CD-A2BE-F9336EFD3272}.Release|Any CPU.Build.0 = Release|Any CPU
	EndGlobalSection
	GlobalSection(SolutionProperties) = preSolution
		HideSolutionNode = FALSE
	EndGlobalSection
	GlobalSection(ExtensibilityGlobals) = postSolution
		SolutionGuid = {5ABF8453-CC01-4C0D-ACE4-EDA6BBAFA173}
	EndGlobalSection
EndGlobal
